
Microsoft Visual Studio Solution File, Format Version 12.00
# Visual Studio 15
VisualStudioVersion = 15.0.26228.9
MinimumVisualStudioVersion = 10.0.40219.1
Project("{FAE04EC0-301F-11D3-BF4B-00C04F79EFBC}") = "MovieRental", "MovieRental\MovieRental.csproj", "{794AFCA1-1AF3-4540-9BB9-9E66B96DB60F}"
EndProject
Project("{FAE04EC0-301F-11D3-BF4B-00C04F79EFBC}") = "DBMovieRent", "DBMovieRent\DBMovieRent.csproj", "{9B447FFE-8067-4D7B-A050-3E2E5042BD4A}"
EndProject
Project("{FAE04EC0-301F-11D3-BF4B-00C04F79EFBC}") = "BOLMovieRent", "BOLMovieRent\BOLMovieRent.csproj", "{0E0674E9-DBD6-4CA8-89F1-A31CCAE93678}"
EndProject
Global
	GlobalSection(SolutionConfigurationPlatforms) = preSolution
		Debug|Any CPU = Debug|Any CPU
		Release|Any CPU = Release|Any CPU
	EndGlobalSection
	GlobalSection(ProjectConfigurationPlatforms) = postSolution
		{794AFCA1-1AF3-4540-9BB9-9E66B96DB60F}.Debug|Any CPU.ActiveCfg = Debug|Any CPU
		{794AFCA1-1AF3-4540-9BB9-9E66B96DB60F}.Debug|Any CPU.Build.0 = Debug|Any CPU
		{794AFCA1-1AF3-4540-9BB9-9E66B96DB60F}.Release|Any CPU.ActiveCfg = Release|Any CPU
		{794AFCA1-1AF3-4540-9BB9-9E66B96DB60F}.Release|Any CPU.Build.0 = Release|Any CPU
		{9B447FFE-8067-4D7B-A050-3E2E5042BD4A}.Debug|Any CPU.ActiveCfg = Debug|Any CPU
		{9B447FFE-8067-4D7B-A050-3E2E5042BD4A}.Debug|Any CPU.Build.0 = Debug|Any CPU
		{9B447FFE-8067-4D7B-A050-3E2E5042BD4A}.Release|Any CPU.ActiveCfg = Release|Any CPU
		{9B447FFE-8067-4D7B-A050-3E2E5042BD4A}.Release|Any CPU.Build.0 = Release|Any CPU
		{0E0674E9-DBD6-4CA8-89F1-A31CCAE93678}.Debug|Any CPU.ActiveCfg = Debug|Any CPU
		{0E0674E9-DBD6-4CA8-89F1-A31CCAE93678}.Debug|Any CPU.Build.0 = Debug|Any CPU
		{0E0674E9-DBD6-4CA8-89F1-A31CCAE93678}.Release|Any CPU.ActiveCfg = Release|Any CPU
		{0E0674E9-DBD6-4CA8-89F1-A31CCAE93678}.Release|Any CPU.Build.0 = Release|Any CPU
	EndGlobalSection
	GlobalSection(SolutionProperties) = preSolution
		HideSolutionNode = FALSE
	EndGlobalSection
EndGlobal
